
Microsoft Visual Studio Solution File, Format Version 12.00
# Visual Studio Version 16
VisualStudioVersion = 25.0.1705.1
MinimumVisualStudioVersion = 10.0.40219.1
Project("{FAE04EC0-301F-11D3-BF4B-00C04F79EFBC}") = "GenericsAndEventsMiniProject", "GenericsAndEventsMiniProject\GenericsAndEventsMiniProject.csproj", "{90308471-E8D7-4ACE-9814-B68883394736}"
EndProject
Global
	GlobalSection(SolutionConfigurationPlatforms) = preSolution
		Debug|Any CPU = Debug|Any CPU
		Release|Any CPU = Release|Any CPU
	EndGlobalSection
	GlobalSection(ProjectConfigurationPlatforms) = postSolution
		{90308471-E8D7-4ACE-9814-B68883394736}.Debug|Any CPU.ActiveCfg = Debug|Any CPU
		{90308471-E8D7-4ACE-9814-B68883394736}.Debug|Any CPU.Build.0 = Debug|Any CPU
		{90308471-E8D7-4ACE-9814-B68883394736}.Release|Any CPU.ActiveCfg = Release|Any CPU
		{90308471-E8D7-4ACE-9814-B68883394736}.Release|Any CPU.Build.0 = Release|Any CPU
	EndGlobalSection
	GlobalSection(SolutionProperties) = preSolution
		HideSolutionNode = FALSE
	EndGlobalSection
	GlobalSection(ExtensibilityGlobals) = postSolution
		SolutionGuid = {C9C38CE2-9736-415F-ABE6-BC5158F0B041}
	EndGlobalSection
EndGlobal
